// !$*UTF8*$!
{
	archiveVersion = 1;
	classes = {
	};
	objectVersion = 46;
	objects = {

/* Begin PBXBuildFile section */
		B0AE9C8B760085CF930D989A /* libPods-Assigment.a in Frameworks */ = {isa = PBXBuildFile; fileRef = 7AAA4EAEFD8F7E0C31690DD3 /* libPods-Assigment.a */; };
		D679E62D1C64D5A200A6C2A6 /* main.m in Sources */ = {isa = PBXBuildFile; fileRef = D679E62C1C64D5A200A6C2A6 /* main.m */; };
		D679E6301C64D5A200A6C2A6 /* AppDelegate.m in Sources */ = {isa = PBXBuildFile; fileRef = D679E62F1C64D5A200A6C2A6 /* AppDelegate.m */; };
		D679E6361C64D5A200A6C2A6 /* Main.storyboard in Resources */ = {isa = PBXBuildFile; fileRef = D679E6341C64D5A200A6C2A6 /* Main.storyboard */; };
		D679E6381C64D5A200A6C2A6 /* Assets.xcassets in Resources */ = {isa = PBXBuildFile; fileRef = D679E6371C64D5A200A6C2A6 /* Assets.xcassets */; };
		D679E63B1C64D5A200A6C2A6 /* LaunchScreen.storyboard in Resources */ = {isa = PBXBuildFile; fileRef = D679E6391C64D5A200A6C2A6 /* LaunchScreen.storyboard */; };
/* End PBXBuildFile section */

/* Begin PBXFileReference section */
		16EBFCC03EB3CF0206D0D6D1 /* Pods-Assigment.debug.xcconfig */ = {isa = PBXFileReference; includeInIndex = 1; lastKnownFileType = text.xcconfig; name = "Pods-Assigment.debug.xcconfig"; path = "Pods/Target Support Files/Pods-Assigment/Pods-Assigment.debug.xcconfig"; sourceTree = "<group>"; };
		7AAA4EAEFD8F7E0C31690DD3 /* libPods-Assigment.a */ = {isa = PBXFileReference; explicitFileType = archive.ar; includeInIndex = 0; path = "libPods-Assigment.a"; sourceTree = BUILT_PRODUCTS_DIR; };
		A5A5851FF04D913B73F3F049 /* Pods-Assigment.release.xcconfig */ = {isa = PBXFileReference; includeInIndex = 1; lastKnownFileType = text.xcconfig; name = "Pods-Assigment.release.xcconfig"; path = "Pods/Target Support Files/Pods-Assigment/Pods-Assigment.release.xcconfig"; sourceTree = "<group>"; };
		D679E6281C64D5A200A6C2A6 /* Assigment.app */ = {isa = PBXFileReference; explicitFileType = wrapper.application; includeInIndex = 0; path = Assigment.app; sourceTree = BUILT_PRODUCTS_DIR; };
		D679E62C1C64D5A200A6C2A6 /* main.m */ = {isa = PBXFileReference; lastKnownFileType = sourcecode.c.objc; name = main.m; path = App/main.m; sourceTree = "<group>"; };
		D679E62E1C64D5A200A6C2A6 /* AppDelegate.h */ = {isa = PBXFileReference; lastKnownFileType = sourcecode.c.h; name = AppDelegate.h; path = App/AppDelegate.h; sourceTree = "<group>"; };
		D679E62F1C64D5A200A6C2A6 /* AppDelegate.m */ = {isa = PBXFileReference; lastKnownFileType = sourcecode.c.objc; name = AppDelegate.m; path = App/AppDelegate.m; sourceTree = "<group>"; };
		D679E6351C64D5A200A6C2A6 /* Base */ = {isa = PBXFileReference; lastKnownFileType = file.storyboard; name = Base; path = Base.lproj/Main.storyboard; sourceTree = "<group>"; };
		D679E6371C64D5A200A6C2A6 /* Assets.xcassets */ = {isa = PBXFileReference; lastKnownFileType = folder.assetcatalog; name = Assets.xcassets; path = Resources/Assets.xcassets; sourceTree = "<group>"; };
		D679E63A1C64D5A200A6C2A6 /* Base */ = {isa = PBXFileReference; lastKnownFileType = file.storyboard; name = Base; path = Base.lproj/LaunchScreen.storyboard; sourceTree = "<group>"; };
		D679E63C1C64D5A200A6C2A6 /* Info.plist */ = {isa = PBXFileReference; lastKnownFileType = text.plist.xml; name = Info.plist; path = App/Info.plist; sourceTree = "<group>"; };
/* End PBXFileReference section */

/* Begin PBXFrameworksBuildPhase section */
		D679E6251C64D5A200A6C2A6 /* Frameworks */ = {
			isa = PBXFrameworksBuildPhase;
			buildActionMask = 2147483647;
			files = (
				B0AE9C8B760085CF930D989A /* libPods-Assigment.a in Frameworks */,
			);
			runOnlyForDeploymentPostprocessing = 0;
		};
/* End PBXFrameworksBuildPhase section */

/* Begin PBXGroup section */
		56D1841CE7F32E4D1A1A214F /* Frameworks */ = {
			isa = PBXGroup;
			children = (
				7AAA4EAEFD8F7E0C31690DD3 /* libPods-Assigment.a */,
			);
			name = Frameworks;
			sourceTree = "<group>";
		};
		D0EE9B69AD4A982825F8EE1A /* Pods */ = {
			isa = PBXGroup;
			children = (
				16EBFCC03EB3CF0206D0D6D1 /* Pods-Assigment.debug.xcconfig */,
				A5A5851FF04D913B73F3F049 /* Pods-Assigment.release.xcconfig */,
			);
			name = Pods;
			sourceTree = "<group>";
		};
		D679E61F1C64D5A200A6C2A6 = {
			isa = PBXGroup;
			children = (
				D679E62A1C64D5A200A6C2A6 /* Assigment */,
				D679E6291C64D5A200A6C2A6 /* Products */,
				D0EE9B69AD4A982825F8EE1A /* Pods */,
				56D1841CE7F32E4D1A1A214F /* Frameworks */,
			);
			sourceTree = "<group>";
		};
		D679E6291C64D5A200A6C2A6 /* Products */ = {
			isa = PBXGroup;
			children = (
				D679E6281C64D5A200A6C2A6 /* Assigment.app */,
			);
			name = Products;
			sourceTree = "<group>";
		};
		D679E62A1C64D5A200A6C2A6 /* Assigment */ = {
			isa = PBXGroup;
			children = (
				D679E6451C64D65400A6C2A6 /* Resources */,
				D679E6441C64D64B00A6C2A6 /* ViewControllers */,
				D679E6431C64D62C00A6C2A6 /* App */,
				D679E62B1C64D5A200A6C2A6 /* Supporting Files */,
			);
			path = Assigment;
			sourceTree = "<group>";
		};
		D679E62B1C64D5A200A6C2A6 /* Supporting Files */ = {
			isa = PBXGroup;
			children = (
			);
			name = "Supporting Files";
			sourceTree = "<group>";
		};
		D679E6431C64D62C00A6C2A6 /* App */ = {
			isa = PBXGroup;
			children = (
				D679E62E1C64D5A200A6C2A6 /* AppDelegate.h */,
				D679E62F1C64D5A200A6C2A6 /* AppDelegate.m */,
				D679E63C1C64D5A200A6C2A6 /* Info.plist */,
				D679E62C1C64D5A200A6C2A6 /* main.m */,
			);
			name = App;
			path = /Users/Fluffy/Documents/Assigment/Assigment/Assigment;
			sourceTree = "<absolute>";
		};
		D679E6441C64D64B00A6C2A6 /* ViewControllers */ = {
			isa = PBXGroup;
			children = (
			);
			name = ViewControllers;
			sourceTree = "<group>";
		};
		D679E6451C64D65400A6C2A6 /* Resources */ = {
			isa = PBXGroup;
			children = (
				D679E6341C64D5A200A6C2A6 /* Main.storyboard */,
				D679E6371C64D5A200A6C2A6 /* Assets.xcassets */,
				D679E6391C64D5A200A6C2A6 /* LaunchScreen.storyboard */,
			);
			name = Resources;
			sourceTree = "<group>";
		};
/* End PBXGroup section */

/* Begin PBXNativeTarget section */
		D679E6271C64D5A200A6C2A6 /* Assigment */ = {
			isa = PBXNativeTarget;
			buildConfigurationList = D679E63F1C64D5A200A6C2A6 /* Build configuration list for PBXNativeTarget "Assigment" */;
			buildPhases = (
				7E75F7CDF915BE30AEA5AD97 /* Check Pods Manifest.lock */,
				D679E6241C64D5A200A6C2A6 /* Sources */,
				D679E6251C64D5A200A6C2A6 /* Frameworks */,
				D679E6261C64D5A200A6C2A6 /* Resources */,
				EFBB4529C76D46440C9D40F8 /* Embed Pods Frameworks */,
				FC7B1B6A2B630526E2D0D7D9 /* Copy Pods Resources */,
			);
			buildRules = (
			);
			dependencies = (
			);
			name = Assigment;
			productName = Assigment;
			productReference = D679E6281C64D5A200A6C2A6 /* Assigment.app */;
			productType = "com.apple.product-type.application";
		};
/* End PBXNativeTarget section */

/* Begin PBXProject section */
		D679E6201C64D5A200A6C2A6 /* Project object */ = {
			isa = PBXProject;
			attributes = {
				LastUpgradeCheck = 0720;
				ORGANIZATIONNAME = "Ivo Indriksons";
				TargetAttributes = {
					D679E6271C64D5A200A6C2A6 = {
						CreatedOnToolsVersion = 7.2.1;
					};
				};
			};
			buildConfigurationList = D679E6231C64D5A200A6C2A6 /* Build configuration list for PBXProject "Assigment" */;
			compatibilityVersion = "Xcode 3.2";
			developmentRegion = English;
			hasScannedForEncodings = 0;
			knownRegions = (
				en,
				Base,
			);
			mainGroup = D679E61F1C64D5A200A6C2A6;
			productRefGroup = D679E6291C64D5A200A6C2A6 /* Products */;
			projectDirPath = "";
			projectRoot = "";
			targets = (
				D679E6271C64D5A200A6C2A6 /* Assigment */,
			);
		};
/* End PBXProject section */

/* Begin PBXResourcesBuildPhase section */
		D679E6261C64D5A200A6C2A6 /* Resources */ = {
			isa = PBXResourcesBuildPhase;
			buildActionMask = 2147483647;
			files = (
				D679E63B1C64D5A200A6C2A6 /* LaunchScreen.storyboard in Resources */,
				D679E6381C64D5A200A6C2A6 /* Assets.xcassets in Resources */,
				D679E6361C64D5A200A6C2A6 /* Main.storyboard in Resources */,
			);
			runOnlyForDeploymentPostprocessing = 0;
		};
/* End PBXResourcesBuildPhase section */

/* Begin PBXShellScriptBuildPhase section */
		7E75F7CDF915BE30AEA5AD97 /* Check Pods Manifest.lock */ = {
			isa = PBXShellScriptBuildPhase;
			buildActionMask = 2147483647;
			files = (
			);
			inputPaths = (
			);
			name = "Check Pods Manifest.lock";
			outputPaths = (
			);
			runOnlyForDeploymentPostprocessing = 0;
			shellPath = /bin/sh;
			shellScript = "diff \"${PODS_ROOT}/../Podfile.lock\" \"${PODS_ROOT}/Manifest.lock\" > /dev/null\nif [[ $? != 0 ]] ; then\n    cat << EOM\nerror: The sandbox is not in sync with the Podfile.lock. Run 'pod install' or update your CocoaPods installation.\nEOM\n    exit 1\nfi\n";
			showEnvVarsInLog = 0;
		};
		EFBB4529C76D46440C9D40F8 /* Embed Pods Frameworks */ = {
			isa = PBXShellScriptBuildPhase;
			buildActionMask = 2147483647;
			files = (
			);
			inputPaths = (
			);
			name = "Embed Pods Frameworks";
			outputPaths = (
			);
			runOnlyForDeploymentPostprocessing = 0;
			shellPath = /bin/sh;
			shellScript = "\"${SRCROOT}/Pods/Target Support Files/Pods-Assigment/Pods-Assigment-frameworks.sh\"\n";
			showEnvVarsInLog = 0;
		};
		FC7B1B6A2B630526E2D0D7D9 /* Copy Pods Resources */ = {
			isa = PBXShellScriptBuildPhase;
			buildActionMask = 2147483647;
			files = (
			);
			inputPaths = (
			);
			name = "Copy Pods Resources";
			outputPaths = (
			);
			runOnlyForDeploymentPostprocessing = 0;
			shellPath = /bin/sh;
			shellScript = "\"${SRCROOT}/Pods/Target Support Files/Pods-Assigment/Pods-Assigment-resources.sh\"\n";
			showEnvVarsInLog = 0;
		};
/* End PBXShellScriptBuildPhase section */

/* Begin PBXSourcesBuildPhase section */
		D679E6241C64D5A200A6C2A6 /* Sources */ = {
			isa = PBXSourcesBuildPhase;
			buildActionMask = 2147483647;
			files = (
				D679E6301C64D5A200A6C2A6 /* AppDelegate.m in Sources */,
				D679E62D1C64D5A200A6C2A6 /* main.m in Sources */,
			);
			runOnlyForDeploymentPostprocessing = 0;
		};
/* End PBXSourcesBuildPhase section */

/* Begin PBXVariantGroup section */
		D679E6341C64D5A200A6C2A6 /* Main.storyboard */ = {
			isa = PBXVariantGroup;
			children = (
				D679E6351C64D5A200A6C2A6 /* Base */,
			);
			name = Main.storyboard;
			path = Resources;
			sourceTree = "<group>";
		};
		D679E6391C64D5A200A6C2A6 /* LaunchScreen.storyboard */ = {
			isa = PBXVariantGroup;
			children = (
				D679E63A1C64D5A200A6C2A6 /* Base */,
			);
			name = LaunchScreen.storyboard;
			path = Resources;
			sourceTree = "<group>";
		};
/* End PBXVariantGroup section */

/* Begin XCBuildConfiguration section */
		D679E63D1C64D5A200A6C2A6 /* Debug */ = {
			isa = XCBuildConfiguration;
			buildSettings = {
				ALWAYS_SEARCH_USER_PATHS = NO;
				CLANG_CXX_LANGUAGE_STANDARD = "gnu++0x";
				CLANG_CXX_LIBRARY = "libc++";
				CLANG_ENABLE_MODULES = YES;
				CLANG_ENABLE_OBJC_ARC = YES;
				CLANG_WARN_BOOL_CONVERSION = YES;
				CLANG_WARN_CONSTANT_CONVERSION = YES;
				CLANG_WARN_DIRECT_OBJC_ISA_USAGE = YES_ERROR;
				CLANG_WARN_EMPTY_BODY = YES;
				CLANG_WARN_ENUM_CONVERSION = YES;
				CLANG_WARN_INT_CONVERSION = YES;
				CLANG_WARN_OBJC_ROOT_CLASS = YES_ERROR;
				CLANG_WARN_UNREACHABLE_CODE = YES;
				CLANG_WARN__DUPLICATE_METHOD_MATCH = YES;
				"CODE_SIGN_IDENTITY[sdk=iphoneos*]" = "iPhone Developer";
				COPY_PHASE_STRIP = NO;
				DEBUG_INFORMATION_FORMAT = dwarf;
				ENABLE_STRICT_OBJC_MSGSEND = YES;
				ENABLE_TESTABILITY = YES;
				GCC_C_LANGUAGE_STANDARD = gnu99;
				GCC_DYNAMIC_NO_PIC = NO;
				GCC_NO_COMMON_BLOCKS = YES;
				GCC_OPTIMIZATION_LEVEL = 0;
				GCC_PREPROCESSOR_DEFINITIONS = (
					"DEBUG=1",
					"$(inherited)",
				);
				GCC_WARN_64_TO_32_BIT_CONVERSION = YES;
				GCC_WARN_ABOUT_RETURN_TYPE = YES_ERROR;
				GCC_WARN_UNDECLARED_SELECTOR = YES;
				GCC_WARN_UNINITIALIZED_AUTOS = YES_AGGRESSIVE;
				GCC_WARN_UNUSED_FUNCTION = YES;
				GCC_WARN_UNUSED_VARIABLE = YES;
				IPHONEOS_DEPLOYMENT_TARGET = 9.2;
				MTL_ENABLE_DEBUG_INFO = YES;
				ONLY_ACTIVE_ARCH = YES;
				SDKROOT = iphoneos;
				TARGETED_DEVICE_FAMILY = "1,2";
			};
			name = Debug;
		};
		D679E63E1C64D5A200A6C2A6 /* Release */ = {
			isa = XCBuildConfiguration;
			buildSettings = {
				ALWAYS_SEARCH_USER_PATHS = NO;
				CLANG_CXX_LANGUAGE_STANDARD = "gnu++0x";
				CLANG_CXX_LIBRARY = "libc++";
				CLANG_ENABLE_MODULES = YES;
				CLANG_ENABLE_OBJC_ARC = YES;
				CLANG_WARN_BOOL_CONVERSION = YES;
				CLANG_WARN_CONSTANT_CONVERSION = YES;
				CLANG_WARN_DIRECT_OBJC_ISA_USAGE = YES_ERROR;
				CLANG_WARN_EMPTY_BODY = YES;
				CLANG_WARN_ENUM_CONVERSION = YES;
				CLANG_WARN_INT_CONVERSION = YES;
				CLANG_WARN_OBJC_ROOT_CLASS = YES_ERROR;
				CLANG_WARN_UNREACHABLE_CODE = YES;
				CLANG_WARN__DUPLICATE_METHOD_MATCH = YES;
				"CODE_SIGN_IDENTITY[sdk=iphoneos*]" = "iPhone Developer";
				COPY_PHASE_STRIP = NO;
				DEBUG_INFORMATION_FORMAT = "dwarf-with-dsym";
				ENABLE_NS_ASSERTIONS = NO;
				ENABLE_STRICT_OBJC_MSGSEND = YES;
				GCC_C_LANGUAGE_STANDARD = gnu99;
				GCC_NO_COMMON_BLOCKS = YES;
				GCC_WARN_64_TO_32_BIT_CONVERSION = YES;
				GCC_WARN_ABOUT_RETURN_TYPE = YES_ERROR;
				GCC_WARN_UNDECLARED_SELECTOR = YES;
				GCC_WARN_UNINITIALIZED_AUTOS = YES_AGGRESSIVE;
				GCC_WARN_UNUSED_FUNCTION = YES;
				GCC_WARN_UNUSED_VARIABLE = YES;
				IPHONEOS_DEPLOYMENT_TARGET = 9.2;
				MTL_ENABLE_DEBUG_INFO = NO;
				SDKROOT = iphoneos;
				TARGETED_DEVICE_FAMILY = "1,2";
				VALIDATE_PRODUCT = YES;
			};
			name = Release;
		};
		D679E6401C64D5A200A6C2A6 /* Debug */ = {
			isa = XCBuildConfiguration;
			baseConfigurationReference = 16EBFCC03EB3CF0206D0D6D1 /* Pods-Assigment.debug.xcconfig */;
			buildSettings = {
				ASSETCATALOG_COMPILER_APPICON_NAME = AppIcon;
				INFOPLIST_FILE = Assigment/Info.plist;
				LD_RUNPATH_SEARCH_PATHS = "$(inherited) @executable_path/Frameworks";
				PRODUCT_BUNDLE_IDENTIFIER = Ivo.Indriksons.Assigment;
				PRODUCT_NAME = "$(TARGET_NAME)";
			};
			name = Debug;
		};
		D679E6411C64D5A200A6C2A6 /* Release */ = {
			isa = XCBuildConfiguration;
			baseConfigurationReference = A5A5851FF04D913B73F3F049 /* Pods-Assigment.release.xcconfig */;
			buildSettings = {
				ASSETCATALOG_COMPILER_APPICON_NAME = AppIcon;
				INFOPLIST_FILE = Assigment/Info.plist;
				LD_RUNPATH_SEARCH_PATHS = "$(inherited) @executable_path/Frameworks";
				PRODUCT_BUNDLE_IDENTIFIER = Ivo.Indriksons.Assigment;
				PRODUCT_NAME = "$(TARGET_NAME)";
			};
			name = Release;
		};
/* End XCBuildConfiguration section */

/* Begin XCConfigurationList section */
		D679E6231C64D5A200A6C2A6 /* Build configuration list for PBXProject "Assigment" */ = {
			isa = XCConfigurationList;
			buildConfigurations = (
				D679E63D1C64D5A200A6C2A6 /* Debug */,
				D679E63E1C64D5A200A6C2A6 /* Release */,
			);
			defaultConfigurationIsVisible = 0;
			defaultConfigurationName = Release;
		};
		D679E63F1C64D5A200A6C2A6 /* Build configuration list for PBXNativeTarget "Assigment" */ = {
			isa = XCConfigurationList;
			buildConfigurations = (
				D679E6401C64D5A200A6C2A6 /* Debug */,
				D679E6411C64D5A200A6C2A6 /* Release */,
			);
			defaultConfigurationIsVisible = 0;
			defaultConfigurationName = Release;
		};
/* End XCConfigurationList section */
	};
	rootObject = D679E6201C64D5A200A6C2A6 /* Project object */;
}
